
Microsoft Visual Studio Solution File, Format Version 12.00
# Visual Studio 15
VisualStudioVersion = 15.0.28307.271
MinimumVisualStudioVersion = 10.0.40219.1
Project("{FAE04EC0-301F-11D3-BF4B-00C04F79EFBC}") = "WF_Udvoitel", "WF_Udvoitel\WF_Udvoitel.csproj", "{A4AE678B-7283-4ECE-89C9-ED528D487DC5}"
EndProject
Global
	GlobalSection(SolutionConfigurationPlatforms) = preSolution
		Debug|Any CPU = Debug|Any CPU
		Release|Any CPU = Release|Any CPU
	EndGlobalSection
	GlobalSection(ProjectConfigurationPlatforms) = postSolution
		{A4AE678B-7283-4ECE-89C9-ED528D487DC5}.Debug|Any CPU.ActiveCfg = Debug|Any CPU
		{A4AE678B-7283-4ECE-89C9-ED528D487DC5}.Debug|Any CPU.Build.0 = Debug|Any CPU
		{A4AE678B-7283-4ECE-89C9-ED528D487DC5}.Release|Any CPU.ActiveCfg = Release|Any CPU
		{A4AE678B-7283-4ECE-89C9-ED528D487DC5}.Release|Any CPU.Build.0 = Release|Any CPU
	EndGlobalSection
	GlobalSection(SolutionProperties) = preSolution
		HideSolutionNode = FALSE
	EndGlobalSection
	GlobalSection(ExtensibilityGlobals) = postSolution
		SolutionGuid = {4A496392-A4D8-4F01-A33F-5E9B737CF677}
	EndGlobalSection
EndGlobal
