
Microsoft Visual Studio Solution File, Format Version 12.00
# Visual Studio 15
VisualStudioVersion = 15.0.28307.271
MinimumVisualStudioVersion = 10.0.40219.1
Project("{FAE04EC0-301F-11D3-BF4B-00C04F79EFBC}") = "profile", "profile.csproj", "{AB0A0BDB-5420-43ED-BB8B-B621BB05D839}"
EndProject
Project("{FAE04EC0-301F-11D3-BF4B-00C04F79EFBC}") = "BMI", "..\BMI\BMI.csproj", "{C1772C27-E37F-407D-A02F-93C8BB771773}"
EndProject
Project("{FAE04EC0-301F-11D3-BF4B-00C04F79EFBC}") = "distance", "..\distance\distance.csproj", "{BB58C975-B6A8-452D-B3D8-1991DD3E7E87}"
EndProject
Project("{FAE04EC0-301F-11D3-BF4B-00C04F79EFBC}") = "swap", "..\swap\swap.csproj", "{4B4C6760-457E-47C8-B8BB-9FEEA67EB9C1}"
EndProject
Project("{FAE04EC0-301F-11D3-BF4B-00C04F79EFBC}") = "location", "..\location\location.csproj", "{B8256CB1-A8FF-4C39-95DD-EDC24C81DB6D}"
EndProject
Project("{FAE04EC0-301F-11D3-BF4B-00C04F79EFBC}") = "helper", "..\helper\helper.csproj", "{4A9B6D0A-827E-4AB4-98FE-F64ADF3A5AFB}"
EndProject
Global
	GlobalSection(SolutionConfigurationPlatforms) = preSolution
		Debug|Any CPU = Debug|Any CPU
		Release|Any CPU = Release|Any CPU
	EndGlobalSection
	GlobalSection(ProjectConfigurationPlatforms) = postSolution
		{AB0A0BDB-5420-43ED-BB8B-B621BB05D839}.Debug|Any CPU.ActiveCfg = Debug|Any CPU
		{AB0A0BDB-5420-43ED-BB8B-B621BB05D839}.Debug|Any CPU.Build.0 = Debug|Any CPU
		{AB0A0BDB-5420-43ED-BB8B-B621BB05D839}.Release|Any CPU.ActiveCfg = Release|Any CPU
		{AB0A0BDB-5420-43ED-BB8B-B621BB05D839}.Release|Any CPU.Build.0 = Release|Any CPU
		{C1772C27-E37F-407D-A02F-93C8BB771773}.Debug|Any CPU.ActiveCfg = Debug|Any CPU
		{C1772C27-E37F-407D-A02F-93C8BB771773}.Debug|Any CPU.Build.0 = Debug|Any CPU
		{C1772C27-E37F-407D-A02F-93C8BB771773}.Release|Any CPU.ActiveCfg = Release|Any CPU
		{C1772C27-E37F-407D-A02F-93C8BB771773}.Release|Any CPU.Build.0 = Release|Any CPU
		{BB58C975-B6A8-452D-B3D8-1991DD3E7E87}.Debug|Any CPU.ActiveCfg = Debug|Any CPU
		{BB58C975-B6A8-452D-B3D8-1991DD3E7E87}.Debug|Any CPU.Build.0 = Debug|Any CPU
		{BB58C975-B6A8-452D-B3D8-1991DD3E7E87}.Release|Any CPU.ActiveCfg = Release|Any CPU
		{BB58C975-B6A8-452D-B3D8-1991DD3E7E87}.Release|Any CPU.Build.0 = Release|Any CPU
		{4B4C6760-457E-47C8-B8BB-9FEEA67EB9C1}.Debug|Any CPU.ActiveCfg = Debug|Any CPU
		{4B4C6760-457E-47C8-B8BB-9FEEA67EB9C1}.Debug|Any CPU.Build.0 = Debug|Any CPU
		{4B4C6760-457E-47C8-B8BB-9FEEA67EB9C1}.Release|Any CPU.ActiveCfg = Release|Any CPU
		{4B4C6760-457E-47C8-B8BB-9FEEA67EB9C1}.Release|Any CPU.Build.0 = Release|Any CPU
		{B8256CB1-A8FF-4C39-95DD-EDC24C81DB6D}.Debug|Any CPU.ActiveCfg = Debug|Any CPU
		{B8256CB1-A8FF-4C39-95DD-EDC24C81DB6D}.Debug|Any CPU.Build.0 = Debug|Any CPU
		{B8256CB1-A8FF-4C39-95DD-EDC24C81DB6D}.Release|Any CPU.ActiveCfg = Release|Any CPU
		{B8256CB1-A8FF-4C39-95DD-EDC24C81DB6D}.Release|Any CPU.Build.0 = Release|Any CPU
		{4A9B6D0A-827E-4AB4-98FE-F64ADF3A5AFB}.Debug|Any CPU.ActiveCfg = Debug|Any CPU
		{4A9B6D0A-827E-4AB4-98FE-F64ADF3A5AFB}.Debug|Any CPU.Build.0 = Debug|Any CPU
		{4A9B6D0A-827E-4AB4-98FE-F64ADF3A5AFB}.Release|Any CPU.ActiveCfg = Release|Any CPU
		{4A9B6D0A-827E-4AB4-98FE-F64ADF3A5AFB}.Release|Any CPU.Build.0 = Release|Any CPU
	EndGlobalSection
	GlobalSection(SolutionProperties) = preSolution
		HideSolutionNode = FALSE
	EndGlobalSection
	GlobalSection(ExtensibilityGlobals) = postSolution
		SolutionGuid = {4A496392-A4D8-4F01-A33F-5E9B737CF677}
	EndGlobalSection
EndGlobal
